
Microsoft Visual Studio Solution File, Format Version 12.00
# Visual Studio 14
VisualStudioVersion = 14.0.25420.1
MinimumVisualStudioVersion = 10.0.40219.1
Project("{FAE04EC0-301F-11D3-BF4B-00C04F79EFBC}") = "SAPCache", "SAPCache\SAPCache.csproj", "{F9F7B831-FFF2-4BEB-8E64-19C317D0EC06}"
EndProject
Project("{FAE04EC0-301F-11D3-BF4B-00C04F79EFBC}") = "MaleeUtilities", "..\..\MaleeUtilities\MaleeUtilities\MaleeUtilities.csproj", "{2DD0F03B-2EDD-46DC-8527-670AE87DE8D8}"
EndProject
Global
	GlobalSection(SolutionConfigurationPlatforms) = preSolution
		Debug|Any CPU = Debug|Any CPU
		Release|Any CPU = Release|Any CPU
	EndGlobalSection
	GlobalSection(ProjectConfigurationPlatforms) = postSolution
		{F9F7B831-FFF2-4BEB-8E64-19C317D0EC06}.Debug|Any CPU.ActiveCfg = Debug|Any CPU
		{F9F7B831-FFF2-4BEB-8E64-19C317D0EC06}.Debug|Any CPU.Build.0 = Debug|Any CPU
		{F9F7B831-FFF2-4BEB-8E64-19C317D0EC06}.Release|Any CPU.ActiveCfg = Release|Any CPU
		{F9F7B831-FFF2-4BEB-8E64-19C317D0EC06}.Release|Any CPU.Build.0 = Release|Any CPU
		{2DD0F03B-2EDD-46DC-8527-670AE87DE8D8}.Debug|Any CPU.ActiveCfg = Debug|Any CPU
		{2DD0F03B-2EDD-46DC-8527-670AE87DE8D8}.Debug|Any CPU.Build.0 = Debug|Any CPU
		{2DD0F03B-2EDD-46DC-8527-670AE87DE8D8}.Release|Any CPU.ActiveCfg = Release|Any CPU
		{2DD0F03B-2EDD-46DC-8527-670AE87DE8D8}.Release|Any CPU.Build.0 = Release|Any CPU
	EndGlobalSection
	GlobalSection(SolutionProperties) = preSolution
		HideSolutionNode = FALSE
	EndGlobalSection
EndGlobal
